{
  "name": "client",
  "version": "0.0.0",
  "lockfileVersion": 1,
  "requires": true,
  "dependencies": {
    "@angular/animations": {
      "version": "5.2.2",
      "resolved": "https://registry.npmjs.org/@angular/animations/-/animations-5.2.2.tgz",
      "integrity": "sha512-VlnsvvTub7MJqKcyllNHyp6LywUOR8z0uQgTxSXDYcQR39onTRTh9/I7qjRGOZTjNucUojRadyYRMInoPYPgZw==",
      "requires": {
        "tslib": "1.8.0"
      }
    },
    "@angular/common": {
      "version": "5.2.2",
      "resolved": "https://registry.npmjs.org/@angular/common/-/common-5.2.2.tgz",
      "integrity": "sha512-heon7Bdu6SUw/6ma9wEDxrxBJY2V+NSUv7ZVY7HaXESWvxKUGaser5vQIsWghvBg1injSxyw/3BqGFflua/3sQ==",
      "requires": {
        "tslib": "1.8.0"
      }
    },
    "@angular/compiler": {
      "version": "5.2.2",
      "resolved": "https://registry.npmjs.org/@angular/compiler/-/compiler-5.2.2.tgz",
      "integrity": "sha512-QkliIJJb9J2y4Y1yiSweP1eOStClOOOj46awVQ5wT+WzyvmIVAccx2u+r5TPRu676GlqrFfn6FD+zV6Zw7G+Tw==",
      "requires": {
        "tslib": "1.8.0"
      }
    },
    "@angular/core": {
      "version": "5.2.2",
      "resolved": "https://registry.npmjs.org/@angular/core/-/core-5.2.2.tgz",
      "integrity": "sha512-SycTFvlJUHzYvqRYM0DQQUewSo0IPL3Vfo9MOwSJvhS5mXCP1+QW0IIhI8CyWy+40L3dIWlYnn0754z5IJikdg==",
      "requires": {
        "tslib": "1.8.0"
      }
    },
    "@angular/forms": {
      "version": "5.2.2",
      "resolved": "https://registry.npmjs.org/@angular/forms/-/forms-5.2.2.tgz",
      "integrity": "sha512-mvY3p0s7TDfc78tHFID11N1UF+5HZNy26poujOTI2q5m0BgM2JskFaQxWBdLT0OLutqV6NYeaHXUwmqsD4TGVg==",
      "requires": {
        "tslib": "1.8.0"
      }
    },
    "@angular/http": {
      "version": "5.2.2",
      "resolved": "https://registry.npmjs.org/@angular/http/-/http-5.2.2.tgz",
      "integrity": "sha512-MG7ClwOs9gQgAIjKa6WulUmLyWmKbY8qwX1osVn4cTuGtnpcyTiqruOwrS3DzY6doE8qsu2y5VURt3Ncs0SE6Q==",
      "requires": {
        "tslib": "1.8.0"
      }
    },
    "@angular/platform-browser": {
      "version": "5.2.2",
      "resolved": "https://registry.npmjs.org/@angular/platform-browser/-/platform-browser-5.2.2.tgz",
      "integrity": "sha512-jiiEEUiv4oOWtBP96hOnxHOY3ckukfSOaxtw+ENjSPAyv/eRbL1B2LFwIg+HYAFxvK8JOLAYZm3Hg9lpenlBMw==",
      "requires": {
        "tslib": "1.8.0"
      }
    },
    "@angular/platform-browser-dynamic": {
      "version": "5.2.2",
      "resolved": "https://registry.npmjs.org/@angular/platform-browser-dynamic/-/platform-browser-dynamic-5.2.2.tgz",
      "integrity": "sha512-PCg63japwHw6zGWGHZEpiDKeqPaCbOKnBl7bhRzE5imL+74toyvmE33sp7OzXKGi0mX5mUymfRsvfLdB6khGTQ==",
      "requires": {
        "tslib": "1.8.0"
      }
    },
    "@angular/router": {
      "version": "5.2.2",
      "resolved": "https://registry.npmjs.org/@angular/router/-/router-5.2.2.tgz",
      "integrity": "sha512-Yn71rFMMyIjwairBWGcUFbdiAVuTp7y5yEin8vJK3DAWgTyk0FYfhKHY3r9NofNH9M7Id53WafC02+3SseFBlA==",
      "requires": {
        "tslib": "1.8.0"
      }
    },
    "@types/jasmine": {
      "version": "2.5.54",
      "resolved": "https://registry.npmjs.org/@types/jasmine/-/jasmine-2.5.54.tgz",
      "integrity": "sha512-B9YofFbUljs19g5gBKUYeLIulsh31U5AK70F41BImQRHEZQGm4GcN922UvnYwkduMqbC/NH+9fruWa/zrqvHIg==",
      "dev": true
    },
    "@types/jasminewd2": {
      "version": "2.0.3",
      "resolved": "https://registry.npmjs.org/@types/jasminewd2/-/jasminewd2-2.0.3.tgz",
      "integrity": "sha512-hYDVmQZT5VA2kigd4H4bv7vl/OhlympwREUemqBdOqtrYTo5Ytm12a5W5/nGgGYdanGVxj0x/VhZ7J3hOg/YKg==",
      "dev": true,
      "requires": {
        "@types/jasmine": "2.5.54"
      }
    },
    "core-js": {
      "version": "2.5.3",
      "resolved": "https://registry.npmjs.org/core-js/-/core-js-2.5.3.tgz",
      "integrity": "sha1-isw4NFgk8W2DZbfJtCWRaOjtYD4="
    },
    "karma-cli": {
      "version": "1.0.1",
      "resolved": "https://registry.npmjs.org/karma-cli/-/karma-cli-1.0.1.tgz",
      "integrity": "sha1-rmw8WKMTodALRRZMRVubhs4X+WA=",
      "dev": true,
      "requires": {
        "resolve": "1.4.0"
      }
    },
    "karma-jasmine": {
      "version": "1.1.0",
      "resolved": "https://registry.npmjs.org/karma-jasmine/-/karma-jasmine-1.1.0.tgz",
      "integrity": "sha1-IuTAa/mhguUpTR9wXjczgRuBCs8=",
      "dev": true
    },
    "karma-jasmine-html-reporter": {
      "version": "0.2.2",
      "resolved": "https://registry.npmjs.org/karma-jasmine-html-reporter/-/karma-jasmine-html-reporter-0.2.2.tgz",
      "integrity": "sha1-SKjl7xiAdhfuK14zwRlMNbQ5Ukw=",
      "dev": true,
      "requires": {
        "karma-jasmine": "1.1.0"
      }
    },
    "path-parse": {
      "version": "1.0.5",
      "resolved": "https://registry.npmjs.org/path-parse/-/path-parse-1.0.5.tgz",
      "integrity": "sha1-PBrfhx6pzWyUMbbqK9dKD/BVxME=",
      "dev": true
    },
    "resolve": {
      "version": "1.4.0",
      "resolved": "https://registry.npmjs.org/resolve/-/resolve-1.4.0.tgz",
      "integrity": "sha512-aW7sVKPufyHqOmyyLzg/J+8606v5nevBgaliIlV7nUpVMsDnoBGV/cbSLNjZAg9q0Cfd/+easKVKQ8vOu8fn1Q==",
      "dev": true,
      "requires": {
        "path-parse": "1.0.5"
      }
    },
    "rxjs": {
      "version": "5.5.6",
      "resolved": "https://registry.npmjs.org/rxjs/-/rxjs-5.5.6.tgz",
      "integrity": "sha512-v4Q5HDC0FHAQ7zcBX7T2IL6O5ltl1a2GX4ENjPXg6SjDY69Cmx9v4113C99a4wGF16ClPv5Z8mghuYorVkg/kg==",
      "requires": {
        "symbol-observable": "1.0.1"
      },
      "dependencies": {
        "symbol-observable": {
          "version": "1.0.1",
          "resolved": "https://registry.npmjs.org/symbol-observable/-/symbol-observable-1.0.1.tgz",
          "integrity": "sha1-g0D8RwLDEi310iKI+IKD9RPT/dQ="
        }
      }
    },
    "tslib": {
      "version": "1.8.0",
      "resolved": "https://registry.npmjs.org/tslib/-/tslib-1.8.0.tgz",
      "integrity": "sha512-ymKWWZJST0/CkgduC2qkzjMOWr4bouhuURNXCn/inEX0L57BnRG6FhX76o7FOnsjHazCjfU2LKeSrlS2sIKQJg=="
    },
    "zone.js": {
      "version": "0.8.20",
      "resolved": "https://registry.npmjs.org/zone.js/-/zone.js-0.8.20.tgz",
      "integrity": "sha512-FXlA37ErSXCMy5RNBcGFgCI/Zivqzr0D19GuvDxhcYIJc7xkFp6c29DKyODJu0Zo+EMyur/WPPgcBh1EHjB9jA=="
    }
  }
}
